
Microsoft Visual Studio Solution File, Format Version 12.00
# Visual Studio Version 17
VisualStudioVersion = 17.0.31903.59
MinimumVisualStudioVersion = 10.0.40219.1
Project("{FAE04EC0-301F-11D3-BF4B-00C04F79EFBC}") = "web service", "web service\web service.csproj", "{3FFA68EB-B760-4FA6-AABE-4DAD28EBF9BD}"
EndProject
Global
	GlobalSection(SolutionConfigurationPlatforms) = preSolution
		Debug|Any CPU = Debug|Any CPU
		Release|Any CPU = Release|Any CPU
	EndGlobalSection
	GlobalSection(ProjectConfigurationPlatforms) = postSolution
		{3FFA68EB-B760-4FA6-AABE-4DAD28EBF9BD}.Debug|Any CPU.ActiveCfg = Debug|Any CPU
		{3FFA68EB-B760-4FA6-AABE-4DAD28EBF9BD}.Debug|Any CPU.Build.0 = Debug|Any CPU
		{3FFA68EB-B760-4FA6-AABE-4DAD28EBF9BD}.Release|Any CPU.ActiveCfg = Release|Any CPU
		{3FFA68EB-B760-4FA6-AABE-4DAD28EBF9BD}.Release|Any CPU.Build.0 = Release|Any CPU
	EndGlobalSection
	GlobalSection(SolutionProperties) = preSolution
		HideSolutionNode = FALSE
	EndGlobalSection
	GlobalSection(ExtensibilityGlobals) = postSolution
		SolutionGuid = {B51B1049-F347-466F-AE72-CD4423A20FD7}
	EndGlobalSection
EndGlobal
